// !$*UTF8*$!
{
	archiveVersion = 1;
	classes = {
	};
	objectVersion = 48;
	objects = {

/* Begin PBXBuildFile section */
		484B04751FA256DB005C415D /* AppDelegate.swift in Sources */ = {isa = PBXBuildFile; fileRef = 484B04741FA256DB005C415D /* AppDelegate.swift */; };
		484B04771FA256DB005C415D /* ViewController.swift in Sources */ = {isa = PBXBuildFile; fileRef = 484B04761FA256DB005C415D /* ViewController.swift */; };
		484B047A1FA256DB005C415D /* Main.storyboard in Resources */ = {isa = PBXBuildFile; fileRef = 484B04781FA256DB005C415D /* Main.storyboard */; };
		484B047C1FA256DB005C415D /* Assets.xcassets in Resources */ = {isa = PBXBuildFile; fileRef = 484B047B1FA256DB005C415D /* Assets.xcassets */; };
		484B047F1FA256DB005C415D /* LaunchScreen.storyboard in Resources */ = {isa = PBXBuildFile; fileRef = 484B047D1FA256DB005C415D /* LaunchScreen.storyboard */; };
		484B048A1FA256DB005C415D /* ZachStout_CSPTests.swift in Sources */ = {isa = PBXBuildFile; fileRef = 484B04891FA256DB005C415D /* ZachStout_CSPTests.swift */; };
		484B04951FA256DB005C415D /* ZachStout_CSPUITests.swift in Sources */ = {isa = PBXBuildFile; fileRef = 484B04941FA256DB005C415D /* ZachStout_CSPUITests.swift */; };
		484B04A81FA25AFB005C415D /* CreativityController.swift in Sources */ = {isa = PBXBuildFile; fileRef = 484B04A71FA25AFB005C415D /* CreativityController.swift */; };
		484B04AA1FA25B3D005C415D /* AbstractionController.swift in Sources */ = {isa = PBXBuildFile; fileRef = 484B04A91FA25B3D005C415D /* AbstractionController.swift */; };
		484B04AC1FA25B5B005C415D /* DataAndInformationController.swift in Sources */ = {isa = PBXBuildFile; fileRef = 484B04AB1FA25B5B005C415D /* DataAndInformationController.swift */; };
		484B04AE1FA25B7C005C415D /* AlgorithmsController.swift in Sources */ = {isa = PBXBuildFile; fileRef = 484B04AD1FA25B7C005C415D /* AlgorithmsController.swift */; };
		484B04B01FA25B90005C415D /* ProgrammingController.swift in Sources */ = {isa = PBXBuildFile; fileRef = 484B04AF1FA25B90005C415D /* ProgrammingController.swift */; };
		484B04B21FA25BA4005C415D /* TheInternetController.swift in Sources */ = {isa = PBXBuildFile; fileRef = 484B04B11FA25BA4005C415D /* TheInternetController.swift */; };
		484B04B41FA25BBF005C415D /* GlobalImpactController.swift in Sources */ = {isa = PBXBuildFile; fileRef = 484B04B31FA25BBE005C415D /* GlobalImpactController.swift */; };
/* End PBXBuildFile section */

/* Begin PBXContainerItemProxy section */
		484B04861FA256DB005C415D /* PBXContainerItemProxy */ = {
			isa = PBXContainerItemProxy;
			containerPortal = 484B04691FA256DA005C415D /* Project object */;
			proxyType = 1;
			remoteGlobalIDString = 484B04701FA256DA005C415D;
			remoteInfo = ZachStout_CSP;
		};
		484B04911FA256DB005C415D /* PBXContainerItemProxy */ = {
			isa = PBXContainerItemProxy;
			containerPortal = 484B04691FA256DA005C415D /* Project object */;
			proxyType = 1;
			remoteGlobalIDString = 484B04701FA256DA005C415D;
			remoteInfo = ZachStout_CSP;
		};
/* End PBXContainerItemProxy section */

/* Begin PBXFileReference section */
		484B04711FA256DB005C415D /* ZachStout_CSP.app */ = {isa = PBXFileReference; explicitFileType = wrapper.application; includeInIndex = 0; path = ZachStout_CSP.app; sourceTree = BUILT_PRODUCTS_DIR; };
		484B04741FA256DB005C415D /* AppDelegate.swift */ = {isa = PBXFileReference; lastKnownFileType = sourcecode.swift; path = AppDelegate.swift; sourceTree = "<group>"; };
		484B04761FA256DB005C415D /* ViewController.swift */ = {isa = PBXFileReference; lastKnownFileType = sourcecode.swift; path = ViewController.swift; sourceTree = "<group>"; };
		484B04791FA256DB005C415D /* Base */ = {isa = PBXFileReference; lastKnownFileType = file.storyboard; name = Base; path = Base.lproj/Main.storyboard; sourceTree = "<group>"; };
		484B047B1FA256DB005C415D /* Assets.xcassets */ = {isa = PBXFileReference; lastKnownFileType = folder.assetcatalog; path = Assets.xcassets; sourceTree = "<group>"; };
		484B047E1FA256DB005C415D /* Base */ = {isa = PBXFileReference; lastKnownFileType = file.storyboard; name = Base; path = Base.lproj/LaunchScreen.storyboard; sourceTree = "<group>"; };
		484B04801FA256DB005C415D /* Info.plist */ = {isa = PBXFileReference; lastKnownFileType = text.plist.xml; path = Info.plist; sourceTree = "<group>"; };
		484B04851FA256DB005C415D /* ZachStout_CSPTests.xctest */ = {isa = PBXFileReference; explicitFileType = wrapper.cfbundle; includeInIndex = 0; path = ZachStout_CSPTests.xctest; sourceTree = BUILT_PRODUCTS_DIR; };
		484B04891FA256DB005C415D /* ZachStout_CSPTests.swift */ = {isa = PBXFileReference; lastKnownFileType = sourcecode.swift; path = ZachStout_CSPTests.swift; sourceTree = "<group>"; };
		484B048B1FA256DB005C415D /* Info.plist */ = {isa = PBXFileReference; lastKnownFileType = text.plist.xml; path = Info.plist; sourceTree = "<group>"; };
		484B04901FA256DB005C415D /* ZachStout_CSPUITests.xctest */ = {isa = PBXFileReference; explicitFileType = wrapper.cfbundle; includeInIndex = 0; path = ZachStout_CSPUITests.xctest; sourceTree = BUILT_PRODUCTS_DIR; };
		484B04941FA256DB005C415D /* ZachStout_CSPUITests.swift */ = {isa = PBXFileReference; lastKnownFileType = sourcecode.swift; path = ZachStout_CSPUITests.swift; sourceTree = "<group>"; };
		484B04961FA256DB005C415D /* Info.plist */ = {isa = PBXFileReference; lastKnownFileType = text.plist.xml; path = Info.plist; sourceTree = "<group>"; };
		484B04A71FA25AFB005C415D /* CreativityController.swift */ = {isa = PBXFileReference; lastKnownFileType = sourcecode.swift; path = CreativityController.swift; sourceTree = "<group>"; };
		484B04A91FA25B3D005C415D /* AbstractionController.swift */ = {isa = PBXFileReference; lastKnownFileType = sourcecode.swift; path = AbstractionController.swift; sourceTree = "<group>"; };
		484B04AB1FA25B5B005C415D /* DataAndInformationController.swift */ = {isa = PBXFileReference; lastKnownFileType = sourcecode.swift; path = DataAndInformationController.swift; sourceTree = "<group>"; };
		484B04AD1FA25B7C005C415D /* AlgorithmsController.swift */ = {isa = PBXFileReference; lastKnownFileType = sourcecode.swift; path = AlgorithmsController.swift; sourceTree = "<group>"; };
		484B04AF1FA25B90005C415D /* ProgrammingController.swift */ = {isa = PBXFileReference; lastKnownFileType = sourcecode.swift; path = ProgrammingController.swift; sourceTree = "<group>"; };
		484B04B11FA25BA4005C415D /* TheInternetController.swift */ = {isa = PBXFileReference; lastKnownFileType = sourcecode.swift; path = TheInternetController.swift; sourceTree = "<group>"; };
		484B04B31FA25BBE005C415D /* GlobalImpactController.swift */ = {isa = PBXFileReference; lastKnownFileType = sourcecode.swift; path = GlobalImpactController.swift; sourceTree = "<group>"; };
/* End PBXFileReference section */

/* Begin PBXFrameworksBuildPhase section */
		484B046E1FA256DA005C415D /* Frameworks */ = {
			isa = PBXFrameworksBuildPhase;
			buildActionMask = 2147483647;
			files = (
			);
			runOnlyForDeploymentPostprocessing = 0;
		};
		484B04821FA256DB005C415D /* Frameworks */ = {
			isa = PBXFrameworksBuildPhase;
			buildActionMask = 2147483647;
			files = (
			);
			runOnlyForDeploymentPostprocessing = 0;
		};
		484B048D1FA256DB005C415D /* Frameworks */ = {
			isa = PBXFrameworksBuildPhase;
			buildActionMask = 2147483647;
			files = (
			);
			runOnlyForDeploymentPostprocessing = 0;
		};
/* End PBXFrameworksBuildPhase section */

/* Begin PBXGroup section */
		484B04681FA256DA005C415D = {
			isa = PBXGroup;
			children = (
				484B04A41FA25742005C415D /* Model */,
				484B04A31FA25727005C415D /* view */,
				484B04A21FA2570E005C415D /* Controller */,
				484B04881FA256DB005C415D /* ZachStout_CSPTests */,
				484B04931FA256DB005C415D /* ZachStout_CSPUITests */,
				484B04721FA256DB005C415D /* Products */,
			);
			sourceTree = "<group>";
		};
		484B04721FA256DB005C415D /* Products */ = {
			isa = PBXGroup;
			children = (
				484B04711FA256DB005C415D /* ZachStout_CSP.app */,
				484B04851FA256DB005C415D /* ZachStout_CSPTests.xctest */,
				484B04901FA256DB005C415D /* ZachStout_CSPUITests.xctest */,
			);
			name = Products;
			sourceTree = "<group>";
		};
		484B04881FA256DB005C415D /* ZachStout_CSPTests */ = {
			isa = PBXGroup;
			children = (
				484B04891FA256DB005C415D /* ZachStout_CSPTests.swift */,
				484B048B1FA256DB005C415D /* Info.plist */,
			);
			path = ZachStout_CSPTests;
			sourceTree = "<group>";
		};
		484B04931FA256DB005C415D /* ZachStout_CSPUITests */ = {
			isa = PBXGroup;
			children = (
				484B04941FA256DB005C415D /* ZachStout_CSPUITests.swift */,
				484B04961FA256DB005C415D /* Info.plist */,
			);
			path = ZachStout_CSPUITests;
			sourceTree = "<group>";
		};
		484B04A21FA2570E005C415D /* Controller */ = {
			isa = PBXGroup;
			children = (
				484B04761FA256DB005C415D /* ViewController.swift */,
				484B04741FA256DB005C415D /* AppDelegate.swift */,
				484B04A71FA25AFB005C415D /* CreativityController.swift */,
				484B04A91FA25B3D005C415D /* AbstractionController.swift */,
				484B04AB1FA25B5B005C415D /* DataAndInformationController.swift */,
				484B04AD1FA25B7C005C415D /* AlgorithmsController.swift */,
				484B04AF1FA25B90005C415D /* ProgrammingController.swift */,
				484B04B11FA25BA4005C415D /* TheInternetController.swift */,
				484B04B31FA25BBE005C415D /* GlobalImpactController.swift */,
			);
			path = Controller;
			sourceTree = "<group>";
		};
		484B04A31FA25727005C415D /* view */ = {
			isa = PBXGroup;
			children = (
				484B047D1FA256DB005C415D /* LaunchScreen.storyboard */,
				484B04781FA256DB005C415D /* Main.storyboard */,
			);
			path = view;
			sourceTree = "<group>";
		};
		484B04A41FA25742005C415D /* Model */ = {
			isa = PBXGroup;
			children = (
				484B04801FA256DB005C415D /* Info.plist */,
				484B047B1FA256DB005C415D /* Assets.xcassets */,
			);
			path = Model;
			sourceTree = "<group>";
		};
/* End PBXGroup section */

/* Begin PBXNativeTarget section */
		484B04701FA256DA005C415D /* ZachStout_CSP */ = {
			isa = PBXNativeTarget;
			buildConfigurationList = 484B04991FA256DB005C415D /* Build configuration list for PBXNativeTarget "ZachStout_CSP" */;
			buildPhases = (
				484B046D1FA256DA005C415D /* Sources */,
				484B046E1FA256DA005C415D /* Frameworks */,
				484B046F1FA256DA005C415D /* Resources */,
			);
			buildRules = (
			);
			dependencies = (
			);
			name = ZachStout_CSP;
			productName = ZachStout_CSP;
			productReference = 484B04711FA256DB005C415D /* ZachStout_CSP.app */;
			productType = "com.apple.product-type.application";
		};
		484B04841FA256DB005C415D /* ZachStout_CSPTests */ = {
			isa = PBXNativeTarget;
			buildConfigurationList = 484B049C1FA256DB005C415D /* Build configuration list for PBXNativeTarget "ZachStout_CSPTests" */;
			buildPhases = (
				484B04811FA256DB005C415D /* Sources */,
				484B04821FA256DB005C415D /* Frameworks */,
				484B04831FA256DB005C415D /* Resources */,
			);
			buildRules = (
			);
			dependencies = (
				484B04871FA256DB005C415D /* PBXTargetDependency */,
			);
			name = ZachStout_CSPTests;
			productName = ZachStout_CSPTests;
			productReference = 484B04851FA256DB005C415D /* ZachStout_CSPTests.xctest */;
			productType = "com.apple.product-type.bundle.unit-test";
		};
		484B048F1FA256DB005C415D /* ZachStout_CSPUITests */ = {
			isa = PBXNativeTarget;
			buildConfigurationList = 484B049F1FA256DB005C415D /* Build configuration list for PBXNativeTarget "ZachStout_CSPUITests" */;
			buildPhases = (
				484B048C1FA256DB005C415D /* Sources */,
				484B048D1FA256DB005C415D /* Frameworks */,
				484B048E1FA256DB005C415D /* Resources */,
			);
			buildRules = (
			);
			dependencies = (
				484B04921FA256DB005C415D /* PBXTargetDependency */,
			);
			name = ZachStout_CSPUITests;
			productName = ZachStout_CSPUITests;
			productReference = 484B04901FA256DB005C415D /* ZachStout_CSPUITests.xctest */;
			productType = "com.apple.product-type.bundle.ui-testing";
		};
/* End PBXNativeTarget section */

/* Begin PBXProject section */
		484B04691FA256DA005C415D /* Project object */ = {
			isa = PBXProject;
			attributes = {
				LastSwiftUpdateCheck = 0900;
				LastUpgradeCheck = 0900;
				ORGANIZATIONNAME = "Stout, Zachary";
				TargetAttributes = {
					484B04701FA256DA005C415D = {
						CreatedOnToolsVersion = 9.0;
						ProvisioningStyle = Automatic;
					};
					484B04841FA256DB005C415D = {
						CreatedOnToolsVersion = 9.0;
						ProvisioningStyle = Automatic;
						TestTargetID = 484B04701FA256DA005C415D;
					};
					484B048F1FA256DB005C415D = {
						CreatedOnToolsVersion = 9.0;
						ProvisioningStyle = Automatic;
						TestTargetID = 484B04701FA256DA005C415D;
					};
				};
			};
			buildConfigurationList = 484B046C1FA256DA005C415D /* Build configuration list for PBXProject "ZachStout_CSP" */;
			compatibilityVersion = "Xcode 8.0";
			developmentRegion = en;
			hasScannedForEncodings = 0;
			knownRegions = (
				en,
				Base,
			);
			mainGroup = 484B04681FA256DA005C415D;
			productRefGroup = 484B04721FA256DB005C415D /* Products */;
			projectDirPath = "";
			projectRoot = "";
			targets = (
				484B04701FA256DA005C415D /* ZachStout_CSP */,
				484B04841FA256DB005C415D /* ZachStout_CSPTests */,
				484B048F1FA256DB005C415D /* ZachStout_CSPUITests */,
			);
		};
/* End PBXProject section */

/* Begin PBXResourcesBuildPhase section */
		484B046F1FA256DA005C415D /* Resources */ = {
			isa = PBXResourcesBuildPhase;
			buildActionMask = 2147483647;
			files = (
				484B047F1FA256DB005C415D /* LaunchScreen.storyboard in Resources */,
				484B047C1FA256DB005C415D /* Assets.xcassets in Resources */,
				484B047A1FA256DB005C415D /* Main.storyboard in Resources */,
			);
			runOnlyForDeploymentPostprocessing = 0;
		};
		484B04831FA256DB005C415D /* Resources */ = {
			isa = PBXResourcesBuildPhase;
			buildActionMask = 2147483647;
			files = (
			);
			runOnlyForDeploymentPostprocessing = 0;
		};
		484B048E1FA256DB005C415D /* Resources */ = {
			isa = PBXResourcesBuildPhase;
			buildActionMask = 2147483647;
			files = (
			);
			runOnlyForDeploymentPostprocessing = 0;
		};
/* End PBXResourcesBuildPhase section */

/* Begin PBXSourcesBuildPhase section */
		484B046D1FA256DA005C415D /* Sources */ = {
			isa = PBXSourcesBuildPhase;
			buildActionMask = 2147483647;
			files = (
				484B04B41FA25BBF005C415D /* GlobalImpactController.swift in Sources */,
				484B04AC1FA25B5B005C415D /* DataAndInformationController.swift in Sources */,
				484B04B01FA25B90005C415D /* ProgrammingController.swift in Sources */,
				484B04AE1FA25B7C005C415D /* AlgorithmsController.swift in Sources */,
				484B04AA1FA25B3D005C415D /* AbstractionController.swift in Sources */,
				484B04B21FA25BA4005C415D /* TheInternetController.swift in Sources */,
				484B04A81FA25AFB005C415D /* CreativityController.swift in Sources */,
				484B04771FA256DB005C415D /* ViewController.swift in Sources */,
				484B04751FA256DB005C415D /* AppDelegate.swift in Sources */,
			);
			runOnlyForDeploymentPostprocessing = 0;
		};
		484B04811FA256DB005C415D /* Sources */ = {
			isa = PBXSourcesBuildPhase;
			buildActionMask = 2147483647;
			files = (
				484B048A1FA256DB005C415D /* ZachStout_CSPTests.swift in Sources */,
			);
			runOnlyForDeploymentPostprocessing = 0;
		};
		484B048C1FA256DB005C415D /* Sources */ = {
			isa = PBXSourcesBuildPhase;
			buildActionMask = 2147483647;
			files = (
				484B04951FA256DB005C415D /* ZachStout_CSPUITests.swift in Sources */,
			);
			runOnlyForDeploymentPostprocessing = 0;
		};
/* End PBXSourcesBuildPhase section */

/* Begin PBXTargetDependency section */
		484B04871FA256DB005C415D /* PBXTargetDependency */ = {
			isa = PBXTargetDependency;
			target = 484B04701FA256DA005C415D /* ZachStout_CSP */;
			targetProxy = 484B04861FA256DB005C415D /* PBXContainerItemProxy */;
		};
		484B04921FA256DB005C415D /* PBXTargetDependency */ = {
			isa = PBXTargetDependency;
			target = 484B04701FA256DA005C415D /* ZachStout_CSP */;
			targetProxy = 484B04911FA256DB005C415D /* PBXContainerItemProxy */;
		};
/* End PBXTargetDependency section */

/* Begin PBXVariantGroup section */
		484B04781FA256DB005C415D /* Main.storyboard */ = {
			isa = PBXVariantGroup;
			children = (
				484B04791FA256DB005C415D /* Base */,
			);
			name = Main.storyboard;
			sourceTree = "<group>";
		};
		484B047D1FA256DB005C415D /* LaunchScreen.storyboard */ = {
			isa = PBXVariantGroup;
			children = (
				484B047E1FA256DB005C415D /* Base */,
			);
			name = LaunchScreen.storyboard;
			sourceTree = "<group>";
		};
/* End PBXVariantGroup section */

/* Begin XCBuildConfiguration section */
		484B04971FA256DB005C415D /* Debug */ = {
			isa = XCBuildConfiguration;
			buildSettings = {
				ALWAYS_SEARCH_USER_PATHS = NO;
				CLANG_ANALYZER_NONNULL = YES;
				CLANG_ANALYZER_NUMBER_OBJECT_CONVERSION = YES_AGGRESSIVE;
				CLANG_CXX_LANGUAGE_STANDARD = "gnu++14";
				CLANG_CXX_LIBRARY = "libc++";
				CLANG_ENABLE_MODULES = YES;
				CLANG_ENABLE_OBJC_ARC = YES;
				CLANG_WARN_BLOCK_CAPTURE_AUTORELEASING = YES;
				CLANG_WARN_BOOL_CONVERSION = YES;
				CLANG_WARN_COMMA = YES;
				CLANG_WARN_CONSTANT_CONVERSION = YES;
				CLANG_WARN_DIRECT_OBJC_ISA_USAGE = YES_ERROR;
				CLANG_WARN_DOCUMENTATION_COMMENTS = YES;
				CLANG_WARN_EMPTY_BODY = YES;
				CLANG_WARN_ENUM_CONVERSION = YES;
				CLANG_WARN_INFINITE_RECURSION = YES;
				CLANG_WARN_INT_CONVERSION = YES;
				CLANG_WARN_NON_LITERAL_NULL_CONVERSION = YES;
				CLANG_WARN_OBJC_LITERAL_CONVERSION = YES;
				CLANG_WARN_OBJC_ROOT_CLASS = YES_ERROR;
				CLANG_WARN_RANGE_LOOP_ANALYSIS = YES;
				CLANG_WARN_STRICT_PROTOTYPES = YES;
				CLANG_WARN_SUSPICIOUS_MOVE = YES;
				CLANG_WARN_UNGUARDED_AVAILABILITY = YES_AGGRESSIVE;
				CLANG_WARN_UNREACHABLE_CODE = YES;
				CLANG_WARN__DUPLICATE_METHOD_MATCH = YES;
				CODE_SIGN_IDENTITY = "iPhone Developer";
				COPY_PHASE_STRIP = NO;
				DEBUG_INFORMATION_FORMAT = dwarf;
				ENABLE_STRICT_OBJC_MSGSEND = YES;
				ENABLE_TESTABILITY = YES;
				GCC_C_LANGUAGE_STANDARD = gnu11;
				GCC_DYNAMIC_NO_PIC = NO;
				GCC_NO_COMMON_BLOCKS = YES;
				GCC_OPTIMIZATION_LEVEL = 0;
				GCC_PREPROCESSOR_DEFINITIONS = (
					"DEBUG=1",
					"$(inherited)",
				);
				GCC_WARN_64_TO_32_BIT_CONVERSION = YES;
				GCC_WARN_ABOUT_RETURN_TYPE = YES_ERROR;
				GCC_WARN_UNDECLARED_SELECTOR = YES;
				GCC_WARN_UNINITIALIZED_AUTOS = YES_AGGRESSIVE;
				GCC_WARN_UNUSED_FUNCTION = YES;
				GCC_WARN_UNUSED_VARIABLE = YES;
				IPHONEOS_DEPLOYMENT_TARGET = 11.0;
				MTL_ENABLE_DEBUG_INFO = YES;
				ONLY_ACTIVE_ARCH = YES;
				SDKROOT = iphoneos;
				SWIFT_ACTIVE_COMPILATION_CONDITIONS = DEBUG;
				SWIFT_OPTIMIZATION_LEVEL = "-Onone";
			};
			name = Debug;
		};
		484B04981FA256DB005C415D /* Release */ = {
			isa = XCBuildConfiguration;
			buildSettings = {
				ALWAYS_SEARCH_USER_PATHS = NO;
				CLANG_ANALYZER_NONNULL = YES;
				CLANG_ANALYZER_NUMBER_OBJECT_CONVERSION = YES_AGGRESSIVE;
				CLANG_CXX_LANGUAGE_STANDARD = "gnu++14";
				CLANG_CXX_LIBRARY = "libc++";
				CLANG_ENABLE_MODULES = YES;
				CLANG_ENABLE_OBJC_ARC = YES;
				CLANG_WARN_BLOCK_CAPTURE_AUTORELEASING = YES;
				CLANG_WARN_BOOL_CONVERSION = YES;
				CLANG_WARN_COMMA = YES;
				CLANG_WARN_CONSTANT_CONVERSION = YES;
				CLANG_WARN_DIRECT_OBJC_ISA_USAGE = YES_ERROR;
				CLANG_WARN_DOCUMENTATION_COMMENTS = YES;
				CLANG_WARN_EMPTY_BODY = YES;
				CLANG_WARN_ENUM_CONVERSION = YES;
				CLANG_WARN_INFINITE_RECURSION = YES;
				CLANG_WARN_INT_CONVERSION = YES;
				CLANG_WARN_NON_LITERAL_NULL_CONVERSION = YES;
				CLANG_WARN_OBJC_LITERAL_CONVERSION = YES;
				CLANG_WARN_OBJC_ROOT_CLASS = YES_ERROR;
				CLANG_WARN_RANGE_LOOP_ANALYSIS = YES;
				CLANG_WARN_STRICT_PROTOTYPES = YES;
				CLANG_WARN_SUSPICIOUS_MOVE = YES;
				CLANG_WARN_UNGUARDED_AVAILABILITY = YES_AGGRESSIVE;
				CLANG_WARN_UNREACHABLE_CODE = YES;
				CLANG_WARN__DUPLICATE_METHOD_MATCH = YES;
				CODE_SIGN_IDENTITY = "iPhone Developer";
				COPY_PHASE_STRIP = NO;
				DEBUG_INFORMATION_FORMAT = "dwarf-with-dsym";
				ENABLE_NS_ASSERTIONS = NO;
				ENABLE_STRICT_OBJC_MSGSEND = YES;
				GCC_C_LANGUAGE_STANDARD = gnu11;
				GCC_NO_COMMON_BLOCKS = YES;
				GCC_WARN_64_TO_32_BIT_CONVERSION = YES;
				GCC_WARN_ABOUT_RETURN_TYPE = YES_ERROR;
				GCC_WARN_UNDECLARED_SELECTOR = YES;
				GCC_WARN_UNINITIALIZED_AUTOS = YES_AGGRESSIVE;
				GCC_WARN_UNUSED_FUNCTION = YES;
				GCC_WARN_UNUSED_VARIABLE = YES;
				IPHONEOS_DEPLOYMENT_TARGET = 11.0;
				MTL_ENABLE_DEBUG_INFO = NO;
				SDKROOT = iphoneos;
				SWIFT_OPTIMIZATION_LEVEL = "-Owholemodule";
				VALIDATE_PRODUCT = YES;
			};
			name = Release;
		};
		484B049A1FA256DB005C415D /* Debug */ = {
			isa = XCBuildConfiguration;
			buildSettings = {
				ASSETCATALOG_COMPILER_APPICON_NAME = AppIcon;
				CODE_SIGN_STYLE = Automatic;
				INFOPLIST_FILE = ZachStout_CSP/Info.plist;
				IPHONEOS_DEPLOYMENT_TARGET = 10.0;
				LD_RUNPATH_SEARCH_PATHS = "$(inherited) @executable_path/Frameworks";
				PRODUCT_BUNDLE_IDENTIFIER = "Ctec.ZachStout-CSP";
				PRODUCT_NAME = "$(TARGET_NAME)";
				SWIFT_VERSION = 4.0;
				TARGETED_DEVICE_FAMILY = "1,2";
			};
			name = Debug;
		};
		484B049B1FA256DB005C415D /* Release */ = {
			isa = XCBuildConfiguration;
			buildSettings = {
				ASSETCATALOG_COMPILER_APPICON_NAME = AppIcon;
				CODE_SIGN_STYLE = Automatic;
				INFOPLIST_FILE = ZachStout_CSP/Info.plist;
				IPHONEOS_DEPLOYMENT_TARGET = 10.0;
				LD_RUNPATH_SEARCH_PATHS = "$(inherited) @executable_path/Frameworks";
				PRODUCT_BUNDLE_IDENTIFIER = "Ctec.ZachStout-CSP";
				PRODUCT_NAME = "$(TARGET_NAME)";
				SWIFT_VERSION = 4.0;
				TARGETED_DEVICE_FAMILY = "1,2";
			};
			name = Release;
		};
		484B049D1FA256DB005C415D /* Debug */ = {
			isa = XCBuildConfiguration;
			buildSettings = {
				ALWAYS_EMBED_SWIFT_STANDARD_LIBRARIES = YES;
				BUNDLE_LOADER = "$(TEST_HOST)";
				CODE_SIGN_STYLE = Automatic;
				INFOPLIST_FILE = ZachStout_CSPTests/Info.plist;
				LD_RUNPATH_SEARCH_PATHS = "$(inherited) @executable_path/Frameworks @loader_path/Frameworks";
				PRODUCT_BUNDLE_IDENTIFIER = "Ctec.ZachStout-CSPTests";
				PRODUCT_NAME = "$(TARGET_NAME)";
				SWIFT_VERSION = 4.0;
				TARGETED_DEVICE_FAMILY = "1,2";
				TEST_HOST = "$(BUILT_PRODUCTS_DIR)/ZachStout_CSP.app/ZachStout_CSP";
			};
			name = Debug;
		};
		484B049E1FA256DB005C415D /* Release */ = {
			isa = XCBuildConfiguration;
			buildSettings = {
				ALWAYS_EMBED_SWIFT_STANDARD_LIBRARIES = YES;
				BUNDLE_LOADER = "$(TEST_HOST)";
				CODE_SIGN_STYLE = Automatic;
				INFOPLIST_FILE = ZachStout_CSPTests/Info.plist;
				LD_RUNPATH_SEARCH_PATHS = "$(inherited) @executable_path/Frameworks @loader_path/Frameworks";
				PRODUCT_BUNDLE_IDENTIFIER = "Ctec.ZachStout-CSPTests";
				PRODUCT_NAME = "$(TARGET_NAME)";
				SWIFT_VERSION = 4.0;
				TARGETED_DEVICE_FAMILY = "1,2";
				TEST_HOST = "$(BUILT_PRODUCTS_DIR)/ZachStout_CSP.app/ZachStout_CSP";
			};
			name = Release;
		};
		484B04A01FA256DB005C415D /* Debug */ = {
			isa = XCBuildConfiguration;
			buildSettings = {
				ALWAYS_EMBED_SWIFT_STANDARD_LIBRARIES = YES;
				CODE_SIGN_STYLE = Automatic;
				INFOPLIST_FILE = ZachStout_CSPUITests/Info.plist;
				LD_RUNPATH_SEARCH_PATHS = "$(inherited) @executable_path/Frameworks @loader_path/Frameworks";
				PRODUCT_BUNDLE_IDENTIFIER = "Ctec.ZachStout-CSPUITests";
				PRODUCT_NAME = "$(TARGET_NAME)";
				SWIFT_VERSION = 4.0;
				TARGETED_DEVICE_FAMILY = "1,2";
				TEST_TARGET_NAME = ZachStout_CSP;
			};
			name = Debug;
		};
		484B04A11FA256DB005C415D /* Release */ = {
			isa = XCBuildConfiguration;
			buildSettings = {
				ALWAYS_EMBED_SWIFT_STANDARD_LIBRARIES = YES;
				CODE_SIGN_STYLE = Automatic;
				INFOPLIST_FILE = ZachStout_CSPUITests/Info.plist;
				LD_RUNPATH_SEARCH_PATHS = "$(inherited) @executable_path/Frameworks @loader_path/Frameworks";
				PRODUCT_BUNDLE_IDENTIFIER = "Ctec.ZachStout-CSPUITests";
				PRODUCT_NAME = "$(TARGET_NAME)";
				SWIFT_VERSION = 4.0;
				TARGETED_DEVICE_FAMILY = "1,2";
				TEST_TARGET_NAME = ZachStout_CSP;
			};
			name = Release;
		};
/* End XCBuildConfiguration section */

/* Begin XCConfigurationList section */
		484B046C1FA256DA005C415D /* Build configuration list for PBXProject "ZachStout_CSP" */ = {
			isa = XCConfigurationList;
			buildConfigurations = (
				484B04971FA256DB005C415D /* Debug */,
				484B04981FA256DB005C415D /* Release */,
			);
			defaultConfigurationIsVisible = 0;
			defaultConfigurationName = Release;
		};
		484B04991FA256DB005C415D /* Build configuration list for PBXNativeTarget "ZachStout_CSP" */ = {
			isa = XCConfigurationList;
			buildConfigurations = (
				484B049A1FA256DB005C415D /* Debug */,
				484B049B1FA256DB005C415D /* Release */,
			);
			defaultConfigurationIsVisible = 0;
			defaultConfigurationName = Release;
		};
		484B049C1FA256DB005C415D /* Build configuration list for PBXNativeTarget "ZachStout_CSPTests" */ = {
			isa = XCConfigurationList;
			buildConfigurations = (
				484B049D1FA256DB005C415D /* Debug */,
				484B049E1FA256DB005C415D /* Release */,
			);
			defaultConfigurationIsVisible = 0;
			defaultConfigurationName = Release;
		};
		484B049F1FA256DB005C415D /* Build configuration list for PBXNativeTarget "ZachStout_CSPUITests" */ = {
			isa = XCConfigurationList;
			buildConfigurations = (
				484B04A01FA256DB005C415D /* Debug */,
				484B04A11FA256DB005C415D /* Release */,
			);
			defaultConfigurationIsVisible = 0;
			defaultConfigurationName = Release;
		};
/* End XCConfigurationList section */
	};
	rootObject = 484B04691FA256DA005C415D /* Project object */;
}
